{
  "name": "@xtao-org/jsonstrum",
  "version": "0.3.0",
  "lockfileVersion": 3,
  "requires": true,
  "packages": {
    "": {
      "name": "@xtao-org/jsonstrum",
      "version": "0.3.0",
      "license": "MIT",
      "dependencies": {
        "@xtao-org/jsonhilo": "^0.3.2"
      },
      "devDependencies": {}
    },
    "node_modules/@xtao-org/jsonhilo": {
      "version": "0.3.2",
      "resolved": "https://registry.npmjs.org/@xtao-org/jsonhilo/-/jsonhilo-0.3.2.tgz",
      "integrity": "sha512-vK+gJaOgxw4k5jA1JXq6l1N67OicbQUvVRFv/kX65/1+7khM3/WoJmD4XbL7FWiymCemQyupQfY/uReCt+nQrA=="
    }
  }
}
