{
  "name": "jsonstrum",
  "version": "0.1.0",
  "lockfileVersion": 2,
  "requires": true,
  "packages": {
    "": {
      "name": "jsonstrum",
      "version": "0.1.0",
      "license": "MIT",
      "dependencies": {
        "jsonhilo": "github:xtao-org/jsonhilo#semver:0.2.0"
      }
    },
    "node_modules/jsonhilo": {
      "version": "0.2.0",
      "resolved": "git+ssh://git@github.com/xtao-org/jsonhilo.git#50d8e82d392460c02749ffa38200aa7fbf3a47f7",
      "license": "MIT"
    }
  },
  "dependencies": {
    "jsonhilo": {
      "version": "git+ssh://git@github.com/xtao-org/jsonhilo.git#50d8e82d392460c02749ffa38200aa7fbf3a47f7",
      "from": "jsonhilo@github:xtao-org/jsonhilo#semver:0.2.0"
    }
  }
}
